
Microsoft Visual Studio Solution File, Format Version 11.00
# Visual Studio 2010
Project("{F184B08F-C81C-45F6-A57F-5ABD9991F28F}") = "WindApp", "WindApp\WindApp.vbproj", "{0E108FF4-05F2-425F-99C3-F0771771FF12}"
EndProject
Project("{F184B08F-C81C-45F6-A57F-5ABD9991F28F}") = "Libreria", "Libreria\Libreria.vbproj", "{8242A887-02CF-46B4-B00D-85A6C3C2B2B1}"
EndProject
Project("{F184B08F-C81C-45F6-A57F-5ABD9991F28F}") = "Datos", "Datos\Datos.vbproj", "{12F5435D-12C1-421A-9F36-76D06365B227}"
EndProject
Project("{F184B08F-C81C-45F6-A57F-5ABD9991F28F}") = "Entidades", "Entidades\Entidades.vbproj", "{34D9C1F9-FB7C-4982-A6FE-14941C87DDD9}"
EndProject
Project("{F184B08F-C81C-45F6-A57F-5ABD9991F28F}") = "Negocios", "Negocios\Negocios.vbproj", "{F0FB2A71-E95B-4884-AD11-F79EA6F30F8D}"
EndProject
Project("{F184B08F-C81C-45F6-A57F-5ABD9991F28F}") = "Utilitario", "Utilitario\Utilitario.vbproj", "{48D01996-7F2E-44C7-91A1-8C0E1330C919}"
EndProject
Global
	GlobalSection(SolutionConfigurationPlatforms) = preSolution
		Debug|Any CPU = Debug|Any CPU
		Debug|Mixed Platforms = Debug|Mixed Platforms
		Debug|x86 = Debug|x86
		Release|Any CPU = Release|Any CPU
		Release|Mixed Platforms = Release|Mixed Platforms
		Release|x86 = Release|x86
	EndGlobalSection
	GlobalSection(ProjectConfigurationPlatforms) = postSolution
		{0E108FF4-05F2-425F-99C3-F0771771FF12}.Debug|Any CPU.ActiveCfg = Debug|x86
		{0E108FF4-05F2-425F-99C3-F0771771FF12}.Debug|Mixed Platforms.ActiveCfg = Debug|x86
		{0E108FF4-05F2-425F-99C3-F0771771FF12}.Debug|Mixed Platforms.Build.0 = Debug|x86
		{0E108FF4-05F2-425F-99C3-F0771771FF12}.Debug|x86.ActiveCfg = Debug|x86
		{0E108FF4-05F2-425F-99C3-F0771771FF12}.Debug|x86.Build.0 = Debug|x86
		{0E108FF4-05F2-425F-99C3-F0771771FF12}.Release|Any CPU.ActiveCfg = Release|x86
		{0E108FF4-05F2-425F-99C3-F0771771FF12}.Release|Mixed Platforms.ActiveCfg = Release|x86
		{0E108FF4-05F2-425F-99C3-F0771771FF12}.Release|Mixed Platforms.Build.0 = Release|x86
		{0E108FF4-05F2-425F-99C3-F0771771FF12}.Release|x86.ActiveCfg = Release|x86
		{0E108FF4-05F2-425F-99C3-F0771771FF12}.Release|x86.Build.0 = Release|x86
		{8242A887-02CF-46B4-B00D-85A6C3C2B2B1}.Debug|Any CPU.ActiveCfg = Debug|Any CPU
		{8242A887-02CF-46B4-B00D-85A6C3C2B2B1}.Debug|Any CPU.Build.0 = Debug|Any CPU
		{8242A887-02CF-46B4-B00D-85A6C3C2B2B1}.Debug|Mixed Platforms.ActiveCfg = Debug|Any CPU
		{8242A887-02CF-46B4-B00D-85A6C3C2B2B1}.Debug|Mixed Platforms.Build.0 = Debug|Any CPU
		{8242A887-02CF-46B4-B00D-85A6C3C2B2B1}.Debug|x86.ActiveCfg = Debug|Any CPU
		{8242A887-02CF-46B4-B00D-85A6C3C2B2B1}.Release|Any CPU.ActiveCfg = Release|Any CPU
		{8242A887-02CF-46B4-B00D-85A6C3C2B2B1}.Release|Any CPU.Build.0 = Release|Any CPU
		{8242A887-02CF-46B4-B00D-85A6C3C2B2B1}.Release|Mixed Platforms.ActiveCfg = Release|Any CPU
		{8242A887-02CF-46B4-B00D-85A6C3C2B2B1}.Release|Mixed Platforms.Build.0 = Release|Any CPU
		{8242A887-02CF-46B4-B00D-85A6C3C2B2B1}.Release|x86.ActiveCfg = Release|Any CPU
		{12F5435D-12C1-421A-9F36-76D06365B227}.Debug|Any CPU.ActiveCfg = Debug|Any CPU
		{12F5435D-12C1-421A-9F36-76D06365B227}.Debug|Any CPU.Build.0 = Debug|Any CPU
		{12F5435D-12C1-421A-9F36-76D06365B227}.Debug|Mixed Platforms.ActiveCfg = Debug|Any CPU
		{12F5435D-12C1-421A-9F36-76D06365B227}.Debug|Mixed Platforms.Build.0 = Debug|Any CPU
		{12F5435D-12C1-421A-9F36-76D06365B227}.Debug|x86.ActiveCfg = Debug|Any CPU
		{12F5435D-12C1-421A-9F36-76D06365B227}.Release|Any CPU.ActiveCfg = Release|Any CPU
		{12F5435D-12C1-421A-9F36-76D06365B227}.Release|Any CPU.Build.0 = Release|Any CPU
		{12F5435D-12C1-421A-9F36-76D06365B227}.Release|Mixed Platforms.ActiveCfg = Release|Any CPU
		{12F5435D-12C1-421A-9F36-76D06365B227}.Release|Mixed Platforms.Build.0 = Release|Any CPU
		{12F5435D-12C1-421A-9F36-76D06365B227}.Release|x86.ActiveCfg = Release|Any CPU
		{34D9C1F9-FB7C-4982-A6FE-14941C87DDD9}.Debug|Any CPU.ActiveCfg = Debug|Any CPU
		{34D9C1F9-FB7C-4982-A6FE-14941C87DDD9}.Debug|Any CPU.Build.0 = Debug|Any CPU
		{34D9C1F9-FB7C-4982-A6FE-14941C87DDD9}.Debug|Mixed Platforms.ActiveCfg = Debug|Any CPU
		{34D9C1F9-FB7C-4982-A6FE-14941C87DDD9}.Debug|Mixed Platforms.Build.0 = Debug|Any CPU
		{34D9C1F9-FB7C-4982-A6FE-14941C87DDD9}.Debug|x86.ActiveCfg = Debug|Any CPU
		{34D9C1F9-FB7C-4982-A6FE-14941C87DDD9}.Release|Any CPU.ActiveCfg = Release|Any CPU
		{34D9C1F9-FB7C-4982-A6FE-14941C87DDD9}.Release|Any CPU.Build.0 = Release|Any CPU
		{34D9C1F9-FB7C-4982-A6FE-14941C87DDD9}.Release|Mixed Platforms.ActiveCfg = Release|Any CPU
		{34D9C1F9-FB7C-4982-A6FE-14941C87DDD9}.Release|Mixed Platforms.Build.0 = Release|Any CPU
		{34D9C1F9-FB7C-4982-A6FE-14941C87DDD9}.Release|x86.ActiveCfg = Release|Any CPU
		{F0FB2A71-E95B-4884-AD11-F79EA6F30F8D}.Debug|Any CPU.ActiveCfg = Debug|Any CPU
		{F0FB2A71-E95B-4884-AD11-F79EA6F30F8D}.Debug|Any CPU.Build.0 = Debug|Any CPU
		{F0FB2A71-E95B-4884-AD11-F79EA6F30F8D}.Debug|Mixed Platforms.ActiveCfg = Debug|Any CPU
		{F0FB2A71-E95B-4884-AD11-F79EA6F30F8D}.Debug|Mixed Platforms.Build.0 = Debug|Any CPU
		{F0FB2A71-E95B-4884-AD11-F79EA6F30F8D}.Debug|x86.ActiveCfg = Debug|Any CPU
		{F0FB2A71-E95B-4884-AD11-F79EA6F30F8D}.Release|Any CPU.ActiveCfg = Release|Any CPU
		{F0FB2A71-E95B-4884-AD11-F79EA6F30F8D}.Release|Any CPU.Build.0 = Release|Any CPU
		{F0FB2A71-E95B-4884-AD11-F79EA6F30F8D}.Release|Mixed Platforms.ActiveCfg = Release|Any CPU
		{F0FB2A71-E95B-4884-AD11-F79EA6F30F8D}.Release|Mixed Platforms.Build.0 = Release|Any CPU
		{F0FB2A71-E95B-4884-AD11-F79EA6F30F8D}.Release|x86.ActiveCfg = Release|Any CPU
		{48D01996-7F2E-44C7-91A1-8C0E1330C919}.Debug|Any CPU.ActiveCfg = Debug|x86
		{48D01996-7F2E-44C7-91A1-8C0E1330C919}.Debug|Mixed Platforms.ActiveCfg = Debug|x86
		{48D01996-7F2E-44C7-91A1-8C0E1330C919}.Debug|Mixed Platforms.Build.0 = Debug|x86
		{48D01996-7F2E-44C7-91A1-8C0E1330C919}.Debug|x86.ActiveCfg = Debug|x86
		{48D01996-7F2E-44C7-91A1-8C0E1330C919}.Debug|x86.Build.0 = Debug|x86
		{48D01996-7F2E-44C7-91A1-8C0E1330C919}.Release|Any CPU.ActiveCfg = Release|x86
		{48D01996-7F2E-44C7-91A1-8C0E1330C919}.Release|Mixed Platforms.ActiveCfg = Release|x86
		{48D01996-7F2E-44C7-91A1-8C0E1330C919}.Release|Mixed Platforms.Build.0 = Release|x86
		{48D01996-7F2E-44C7-91A1-8C0E1330C919}.Release|x86.ActiveCfg = Release|x86
		{48D01996-7F2E-44C7-91A1-8C0E1330C919}.Release|x86.Build.0 = Release|x86
	EndGlobalSection
	GlobalSection(SolutionProperties) = preSolution
		HideSolutionNode = FALSE
	EndGlobalSection
EndGlobal
